
Microsoft Visual Studio Solution File, Format Version 12.00
# Visual Studio 2012
Project("{2150E333-8FDC-42A3-9474-1A3956D46DE8}") = "Challenge114", "Challenge114", "{1B77EBE6-ACF8-4304-8EFF-0BEF433315CE}"
EndProject
Project("{FAE04EC0-301F-11D3-BF4B-00C04F79EFBC}") = "Challenge114Easy", "Challenge114\Challenge114Easy\Challenge114Easy.csproj", "{C7C47CD9-202B-4557-8CBF-9EE3C080E0EB}"
EndProject
Project("{2150E333-8FDC-42A3-9474-1A3956D46DE8}") = "Challenge106", "Challenge106", "{F8E2CF9E-A207-4244-BB2C-2D9D953C027D}"
EndProject
Project("{FAE04EC0-301F-11D3-BF4B-00C04F79EFBC}") = "Challenge106Easy", "Challenge106\Challenge106Easy\Challenge106Easy.csproj", "{8E25FA9C-FE2C-460C-AA6D-76C35D5DE1EC}"
EndProject
Project("{FAE04EC0-301F-11D3-BF4B-00C04F79EFBC}") = "Utilities", "Utilities\Utilities.csproj", "{BA325B27-60FD-4272-BEA2-DCE31663DB2B}"
EndProject
Project("{2150E333-8FDC-42A3-9474-1A3956D46DE8}") = "Challenge82", "Challenge82", "{D0882D15-F33F-4D4C-9632-3BC1334D21B0}"
EndProject
Project("{FAE04EC0-301F-11D3-BF4B-00C04F79EFBC}") = "Challenge82Difficult", "Challenge82\Challenge82Difficult\Challenge82Difficult.csproj", "{60C87BCB-B934-419A-8EF8-84597E11120F}"
EndProject
Global
	GlobalSection(SolutionConfigurationPlatforms) = preSolution
		Debug|Any CPU = Debug|Any CPU
		Release|Any CPU = Release|Any CPU
	EndGlobalSection
	GlobalSection(ProjectConfigurationPlatforms) = postSolution
		{C7C47CD9-202B-4557-8CBF-9EE3C080E0EB}.Debug|Any CPU.ActiveCfg = Debug|Any CPU
		{C7C47CD9-202B-4557-8CBF-9EE3C080E0EB}.Debug|Any CPU.Build.0 = Debug|Any CPU
		{C7C47CD9-202B-4557-8CBF-9EE3C080E0EB}.Release|Any CPU.ActiveCfg = Release|Any CPU
		{C7C47CD9-202B-4557-8CBF-9EE3C080E0EB}.Release|Any CPU.Build.0 = Release|Any CPU
		{8E25FA9C-FE2C-460C-AA6D-76C35D5DE1EC}.Debug|Any CPU.ActiveCfg = Debug|Any CPU
		{8E25FA9C-FE2C-460C-AA6D-76C35D5DE1EC}.Debug|Any CPU.Build.0 = Debug|Any CPU
		{8E25FA9C-FE2C-460C-AA6D-76C35D5DE1EC}.Release|Any CPU.ActiveCfg = Release|Any CPU
		{8E25FA9C-FE2C-460C-AA6D-76C35D5DE1EC}.Release|Any CPU.Build.0 = Release|Any CPU
		{BA325B27-60FD-4272-BEA2-DCE31663DB2B}.Debug|Any CPU.ActiveCfg = Debug|Any CPU
		{BA325B27-60FD-4272-BEA2-DCE31663DB2B}.Debug|Any CPU.Build.0 = Debug|Any CPU
		{BA325B27-60FD-4272-BEA2-DCE31663DB2B}.Release|Any CPU.ActiveCfg = Release|Any CPU
		{BA325B27-60FD-4272-BEA2-DCE31663DB2B}.Release|Any CPU.Build.0 = Release|Any CPU
		{60C87BCB-B934-419A-8EF8-84597E11120F}.Debug|Any CPU.ActiveCfg = Debug|Any CPU
		{60C87BCB-B934-419A-8EF8-84597E11120F}.Debug|Any CPU.Build.0 = Debug|Any CPU
		{60C87BCB-B934-419A-8EF8-84597E11120F}.Release|Any CPU.ActiveCfg = Release|Any CPU
		{60C87BCB-B934-419A-8EF8-84597E11120F}.Release|Any CPU.Build.0 = Release|Any CPU
	EndGlobalSection
	GlobalSection(SolutionProperties) = preSolution
		HideSolutionNode = FALSE
	EndGlobalSection
	GlobalSection(NestedProjects) = preSolution
		{C7C47CD9-202B-4557-8CBF-9EE3C080E0EB} = {1B77EBE6-ACF8-4304-8EFF-0BEF433315CE}
		{8E25FA9C-FE2C-460C-AA6D-76C35D5DE1EC} = {F8E2CF9E-A207-4244-BB2C-2D9D953C027D}
		{60C87BCB-B934-419A-8EF8-84597E11120F} = {D0882D15-F33F-4D4C-9632-3BC1334D21B0}
	EndGlobalSection
EndGlobal
