
Microsoft Visual Studio Solution File, Format Version 12.00
# Visual Studio 2012
Project("{2150E333-8FDC-42A3-9474-1A3956D46DE8}") = "Challenge114", "Challenge114", "{1B77EBE6-ACF8-4304-8EFF-0BEF433315CE}"
EndProject
Project("{FAE04EC0-301F-11D3-BF4B-00C04F79EFBC}") = "Challenge114Easy", "Challenge114\Challenge114Easy\Challenge114Easy.csproj", "{C7C47CD9-202B-4557-8CBF-9EE3C080E0EB}"
EndProject
Project("{2150E333-8FDC-42A3-9474-1A3956D46DE8}") = "Challenge106", "Challenge106", "{F8E2CF9E-A207-4244-BB2C-2D9D953C027D}"
EndProject
Project("{FAE04EC0-301F-11D3-BF4B-00C04F79EFBC}") = "Challenge106Easy", "Challenge106\Challenge106Easy\Challenge106Easy.csproj", "{8E25FA9C-FE2C-460C-AA6D-76C35D5DE1EC}"
EndProject
Project("{FAE04EC0-301F-11D3-BF4B-00C04F79EFBC}") = "Utilities", "Utilities\Utilities.csproj", "{BA325B27-60FD-4272-BEA2-DCE31663DB2B}"
EndProject
Project("{2150E333-8FDC-42A3-9474-1A3956D46DE8}") = "Challenge82", "Challenge82", "{D0882D15-F33F-4D4C-9632-3BC1334D21B0}"
EndProject
Project("{FAE04EC0-301F-11D3-BF4B-00C04F79EFBC}") = "Challenge82Difficult", "Challenge82\Challenge82Difficult\Challenge82Difficult.csproj", "{60C87BCB-B934-419A-8EF8-84597E11120F}"
EndProject
Project("{FAE04EC0-301F-11D3-BF4B-00C04F79EFBC}") = "Challenge82Easy", "Challenge82\Challenge82Easy\Challenge82Easy.csproj", "{B9871379-C38D-432A-A881-230D0F468E22}"
EndProject
Project("{2150E333-8FDC-42A3-9474-1A3956D46DE8}") = "Challenge1", "Challenge1", "{FAC6BE8B-0A78-4576-B597-21FC19361328}"
EndProject
Project("{FAE04EC0-301F-11D3-BF4B-00C04F79EFBC}") = "Challenge1Easy", "Challenge1\Challenge1Easy\Challenge1Easy.csproj", "{54ABDCA1-BF71-44A9-AA7B-DE1D62BDF0C1}"
EndProject
Project("{FAE04EC0-301F-11D3-BF4B-00C04F79EFBC}") = "Challenge1Intermediate", "Challenge1\Challenge1Intermediate\Challenge1Intermediate.csproj", "{2A3A3A8D-25AB-4A54-BA56-2B44CD1464EF}"
EndProject
Project("{FAE04EC0-301F-11D3-BF4B-00C04F79EFBC}") = "Challenge1Difficult", "Challenge1\Challenge1Difficult\Challenge1Difficult.csproj", "{015A064C-9543-4D73-A37B-343FA56EDF51}"
EndProject
Project("{2150E333-8FDC-42A3-9474-1A3956D46DE8}") = "Challenge121", "Challenge121", "{A106D78C-FEAC-4FD8-ABAB-C3A68767A505}"
EndProject
Project("{FAE04EC0-301F-11D3-BF4B-00C04F79EFBC}") = "Challenge121Easy", "Challenge121\Challenge121Easy\Challenge121Easy.csproj", "{B231EA49-8357-4664-8755-35ECFBC985C9}"
EndProject
Project("{FAE04EC0-301F-11D3-BF4B-00C04F79EFBC}") = "Challenge121Intermediate", "Challenge121\Challenge121Intermediate\Challenge121Intermediate.csproj", "{73CCAF5B-159D-4990-A2A8-44AB28D2C950}"
EndProject
Project("{2150E333-8FDC-42A3-9474-1A3956D46DE8}") = "Challenge113", "Challenge113", "{0D05A196-9620-4526-8315-89DC2A0B265E}"
EndProject
Project("{FAE04EC0-301F-11D3-BF4B-00C04F79EFBC}") = "Challenge113Easy", "Challenge113\Challenge113Easy\Challenge113Easy.csproj", "{42197FEF-A7EA-411A-84F0-EAEEE27557E3}"
EndProject
Project("{2150E333-8FDC-42A3-9474-1A3956D46DE8}") = "Challenge112", "Challenge112", "{9F173E03-2801-4EDD-A267-6FE83F976844}"
EndProject
Project("{FAE04EC0-301F-11D3-BF4B-00C04F79EFBC}") = "Challenge112Easy", "Challenge112\Challenge112Easy\Challenge112Easy.csproj", "{58772930-2F25-4718-9651-394ABABB9092}"
EndProject
Project("{2150E333-8FDC-42A3-9474-1A3956D46DE8}") = "Challenge115", "Challenge115", "{2BF8688C-64E2-47D2-AB71-E85D2E47E1BE}"
EndProject
Project("{FAE04EC0-301F-11D3-BF4B-00C04F79EFBC}") = "Challenge115Easy", "Challenge115\Challenge115Easy\Challenge115Easy.csproj", "{77CD1A47-52BE-465C-82EA-6E78B72C1F9F}"
EndProject
Project("{2150E333-8FDC-42A3-9474-1A3956D46DE8}") = "Challenge116", "Challenge116", "{8FB00BE9-AFBB-4C55-9A55-E03454E01A83}"
EndProject
Project("{FAE04EC0-301F-11D3-BF4B-00C04F79EFBC}") = "Challenge116Easy", "Challenge116\Challenge116Easy\Challenge116Easy.csproj", "{E160F76A-875A-48CD-B53A-60AEB6BE208C}"
EndProject
Project("{2150E333-8FDC-42A3-9474-1A3956D46DE8}") = "Challenge139", "Challenge139", "{95341F57-F8D5-49F5-B5C2-C0E4E2D2105E}"
EndProject
Project("{FAE04EC0-301F-11D3-BF4B-00C04F79EFBC}") = "Challenge139Easy", "Challenge139\Challenge139Easy\Challenge139Easy.csproj", "{10675141-D730-4018-9630-954B07AA05A2}"
EndProject
Global
	GlobalSection(SolutionConfigurationPlatforms) = preSolution
		Debug|Any CPU = Debug|Any CPU
		Release|Any CPU = Release|Any CPU
	EndGlobalSection
	GlobalSection(ProjectConfigurationPlatforms) = postSolution
		{C7C47CD9-202B-4557-8CBF-9EE3C080E0EB}.Debug|Any CPU.ActiveCfg = Debug|Any CPU
		{C7C47CD9-202B-4557-8CBF-9EE3C080E0EB}.Debug|Any CPU.Build.0 = Debug|Any CPU
		{C7C47CD9-202B-4557-8CBF-9EE3C080E0EB}.Release|Any CPU.ActiveCfg = Release|Any CPU
		{C7C47CD9-202B-4557-8CBF-9EE3C080E0EB}.Release|Any CPU.Build.0 = Release|Any CPU
		{8E25FA9C-FE2C-460C-AA6D-76C35D5DE1EC}.Debug|Any CPU.ActiveCfg = Debug|Any CPU
		{8E25FA9C-FE2C-460C-AA6D-76C35D5DE1EC}.Debug|Any CPU.Build.0 = Debug|Any CPU
		{8E25FA9C-FE2C-460C-AA6D-76C35D5DE1EC}.Release|Any CPU.ActiveCfg = Release|Any CPU
		{8E25FA9C-FE2C-460C-AA6D-76C35D5DE1EC}.Release|Any CPU.Build.0 = Release|Any CPU
		{BA325B27-60FD-4272-BEA2-DCE31663DB2B}.Debug|Any CPU.ActiveCfg = Debug|Any CPU
		{BA325B27-60FD-4272-BEA2-DCE31663DB2B}.Debug|Any CPU.Build.0 = Debug|Any CPU
		{BA325B27-60FD-4272-BEA2-DCE31663DB2B}.Release|Any CPU.ActiveCfg = Release|Any CPU
		{BA325B27-60FD-4272-BEA2-DCE31663DB2B}.Release|Any CPU.Build.0 = Release|Any CPU
		{60C87BCB-B934-419A-8EF8-84597E11120F}.Debug|Any CPU.ActiveCfg = Debug|Any CPU
		{60C87BCB-B934-419A-8EF8-84597E11120F}.Debug|Any CPU.Build.0 = Debug|Any CPU
		{60C87BCB-B934-419A-8EF8-84597E11120F}.Release|Any CPU.ActiveCfg = Release|Any CPU
		{60C87BCB-B934-419A-8EF8-84597E11120F}.Release|Any CPU.Build.0 = Release|Any CPU
		{B9871379-C38D-432A-A881-230D0F468E22}.Debug|Any CPU.ActiveCfg = Debug|Any CPU
		{B9871379-C38D-432A-A881-230D0F468E22}.Debug|Any CPU.Build.0 = Debug|Any CPU
		{B9871379-C38D-432A-A881-230D0F468E22}.Release|Any CPU.ActiveCfg = Release|Any CPU
		{B9871379-C38D-432A-A881-230D0F468E22}.Release|Any CPU.Build.0 = Release|Any CPU
		{54ABDCA1-BF71-44A9-AA7B-DE1D62BDF0C1}.Debug|Any CPU.ActiveCfg = Debug|Any CPU
		{54ABDCA1-BF71-44A9-AA7B-DE1D62BDF0C1}.Debug|Any CPU.Build.0 = Debug|Any CPU
		{54ABDCA1-BF71-44A9-AA7B-DE1D62BDF0C1}.Release|Any CPU.ActiveCfg = Release|Any CPU
		{54ABDCA1-BF71-44A9-AA7B-DE1D62BDF0C1}.Release|Any CPU.Build.0 = Release|Any CPU
		{2A3A3A8D-25AB-4A54-BA56-2B44CD1464EF}.Debug|Any CPU.ActiveCfg = Debug|Any CPU
		{2A3A3A8D-25AB-4A54-BA56-2B44CD1464EF}.Debug|Any CPU.Build.0 = Debug|Any CPU
		{2A3A3A8D-25AB-4A54-BA56-2B44CD1464EF}.Release|Any CPU.ActiveCfg = Release|Any CPU
		{2A3A3A8D-25AB-4A54-BA56-2B44CD1464EF}.Release|Any CPU.Build.0 = Release|Any CPU
		{015A064C-9543-4D73-A37B-343FA56EDF51}.Debug|Any CPU.ActiveCfg = Debug|Any CPU
		{015A064C-9543-4D73-A37B-343FA56EDF51}.Debug|Any CPU.Build.0 = Debug|Any CPU
		{015A064C-9543-4D73-A37B-343FA56EDF51}.Release|Any CPU.ActiveCfg = Release|Any CPU
		{015A064C-9543-4D73-A37B-343FA56EDF51}.Release|Any CPU.Build.0 = Release|Any CPU
		{B231EA49-8357-4664-8755-35ECFBC985C9}.Debug|Any CPU.ActiveCfg = Debug|Any CPU
		{B231EA49-8357-4664-8755-35ECFBC985C9}.Debug|Any CPU.Build.0 = Debug|Any CPU
		{B231EA49-8357-4664-8755-35ECFBC985C9}.Release|Any CPU.ActiveCfg = Release|Any CPU
		{B231EA49-8357-4664-8755-35ECFBC985C9}.Release|Any CPU.Build.0 = Release|Any CPU
		{73CCAF5B-159D-4990-A2A8-44AB28D2C950}.Debug|Any CPU.ActiveCfg = Debug|Any CPU
		{73CCAF5B-159D-4990-A2A8-44AB28D2C950}.Debug|Any CPU.Build.0 = Debug|Any CPU
		{73CCAF5B-159D-4990-A2A8-44AB28D2C950}.Release|Any CPU.ActiveCfg = Release|Any CPU
		{73CCAF5B-159D-4990-A2A8-44AB28D2C950}.Release|Any CPU.Build.0 = Release|Any CPU
		{42197FEF-A7EA-411A-84F0-EAEEE27557E3}.Debug|Any CPU.ActiveCfg = Debug|Any CPU
		{42197FEF-A7EA-411A-84F0-EAEEE27557E3}.Debug|Any CPU.Build.0 = Debug|Any CPU
		{42197FEF-A7EA-411A-84F0-EAEEE27557E3}.Release|Any CPU.ActiveCfg = Release|Any CPU
		{42197FEF-A7EA-411A-84F0-EAEEE27557E3}.Release|Any CPU.Build.0 = Release|Any CPU
		{58772930-2F25-4718-9651-394ABABB9092}.Debug|Any CPU.ActiveCfg = Debug|Any CPU
		{58772930-2F25-4718-9651-394ABABB9092}.Debug|Any CPU.Build.0 = Debug|Any CPU
		{58772930-2F25-4718-9651-394ABABB9092}.Release|Any CPU.ActiveCfg = Release|Any CPU
		{58772930-2F25-4718-9651-394ABABB9092}.Release|Any CPU.Build.0 = Release|Any CPU
		{77CD1A47-52BE-465C-82EA-6E78B72C1F9F}.Debug|Any CPU.ActiveCfg = Debug|Any CPU
		{77CD1A47-52BE-465C-82EA-6E78B72C1F9F}.Debug|Any CPU.Build.0 = Debug|Any CPU
		{77CD1A47-52BE-465C-82EA-6E78B72C1F9F}.Release|Any CPU.ActiveCfg = Release|Any CPU
		{77CD1A47-52BE-465C-82EA-6E78B72C1F9F}.Release|Any CPU.Build.0 = Release|Any CPU
		{E160F76A-875A-48CD-B53A-60AEB6BE208C}.Debug|Any CPU.ActiveCfg = Debug|Any CPU
		{E160F76A-875A-48CD-B53A-60AEB6BE208C}.Debug|Any CPU.Build.0 = Debug|Any CPU
		{E160F76A-875A-48CD-B53A-60AEB6BE208C}.Release|Any CPU.ActiveCfg = Release|Any CPU
		{E160F76A-875A-48CD-B53A-60AEB6BE208C}.Release|Any CPU.Build.0 = Release|Any CPU
		{10675141-D730-4018-9630-954B07AA05A2}.Debug|Any CPU.ActiveCfg = Debug|Any CPU
		{10675141-D730-4018-9630-954B07AA05A2}.Debug|Any CPU.Build.0 = Debug|Any CPU
		{10675141-D730-4018-9630-954B07AA05A2}.Release|Any CPU.ActiveCfg = Release|Any CPU
		{10675141-D730-4018-9630-954B07AA05A2}.Release|Any CPU.Build.0 = Release|Any CPU
	EndGlobalSection
	GlobalSection(SolutionProperties) = preSolution
		HideSolutionNode = FALSE
	EndGlobalSection
	GlobalSection(NestedProjects) = preSolution
		{C7C47CD9-202B-4557-8CBF-9EE3C080E0EB} = {1B77EBE6-ACF8-4304-8EFF-0BEF433315CE}
		{8E25FA9C-FE2C-460C-AA6D-76C35D5DE1EC} = {F8E2CF9E-A207-4244-BB2C-2D9D953C027D}
		{60C87BCB-B934-419A-8EF8-84597E11120F} = {D0882D15-F33F-4D4C-9632-3BC1334D21B0}
		{B9871379-C38D-432A-A881-230D0F468E22} = {D0882D15-F33F-4D4C-9632-3BC1334D21B0}
		{54ABDCA1-BF71-44A9-AA7B-DE1D62BDF0C1} = {FAC6BE8B-0A78-4576-B597-21FC19361328}
		{2A3A3A8D-25AB-4A54-BA56-2B44CD1464EF} = {FAC6BE8B-0A78-4576-B597-21FC19361328}
		{015A064C-9543-4D73-A37B-343FA56EDF51} = {FAC6BE8B-0A78-4576-B597-21FC19361328}
		{B231EA49-8357-4664-8755-35ECFBC985C9} = {A106D78C-FEAC-4FD8-ABAB-C3A68767A505}
		{73CCAF5B-159D-4990-A2A8-44AB28D2C950} = {A106D78C-FEAC-4FD8-ABAB-C3A68767A505}
		{42197FEF-A7EA-411A-84F0-EAEEE27557E3} = {0D05A196-9620-4526-8315-89DC2A0B265E}
		{58772930-2F25-4718-9651-394ABABB9092} = {9F173E03-2801-4EDD-A267-6FE83F976844}
		{77CD1A47-52BE-465C-82EA-6E78B72C1F9F} = {2BF8688C-64E2-47D2-AB71-E85D2E47E1BE}
		{E160F76A-875A-48CD-B53A-60AEB6BE208C} = {8FB00BE9-AFBB-4C55-9A55-E03454E01A83}
		{10675141-D730-4018-9630-954B07AA05A2} = {95341F57-F8D5-49F5-B5C2-C0E4E2D2105E}
	EndGlobalSection
EndGlobal
